# This file is automatically @generated by Cargo.
# It is not intended for manual editing.
[[package]]
name = "unicode-segmentation"
version = "1.6.0"
source = "registry+https://github.com/rust-lang/crates.io-index"
checksum = "e83e153d1053cbb5a118eeff7fd5be06ed99153f00dbcd8ae310c5fb2b22edc0"

[[package]]
name = "weighted_levenshtein"
version = "0.2.0"
dependencies = [
 "unicode-segmentation",
]
