# This file is automatically @generated by Cargo.
# It is not intended for manual editing.
[[package]]
name = "distance"
version = "0.4.0"
source = "registry+https://github.com/rust-lang/crates.io-index"
checksum = "6d9d8664cf849d7d0f3114a3a387d2f5e4303176d746d5a951aaddc66dfe9240"

[[package]]
name = "eddie"
version = "0.3.2"
source = "registry+https://github.com/rust-lang/crates.io-index"
checksum = "86e5d4a8f4a78d12c05cf57633069f22787d3ffe12d49fb919d694a93ac9d9fb"

[[package]]
name = "levenshtein"
version = "1.0.4"
source = "registry+https://github.com/rust-lang/crates.io-index"
checksum = "66189c12161c65c0023ceb53e2fccc0013311bcb36a7cbd0f9c5e938b408ac96"

[[package]]
name = "strsim"
version = "0.9.3"
source = "registry+https://github.com/rust-lang/crates.io-index"
checksum = "6446ced80d6c486436db5c078dde11a9f73d42b57fb273121e160b84f63d894c"

[[package]]
name = "txtdist"
version = "0.2.1"
source = "registry+https://github.com/rust-lang/crates.io-index"
checksum = "91f068cd4896329ca6f064aed4cbfd635deb4e2f5f7913eb389dd61c033f42ff"

[[package]]
name = "weighted_levenshtein"
version = "0.2.0"
dependencies = [
 "distance",
 "eddie",
 "levenshtein",
 "strsim",
 "txtdist",
]
